
Microsoft Visual Studio Solution File, Format Version 12.00
# Visual Studio 14
VisualStudioVersion = 14.0.25420.1
MinimumVisualStudioVersion = 10.0.40219.1
Project("{FAE04EC0-301F-11D3-BF4B-00C04F79EFBC}") = "ChuckNorrisFact", "ChuckNorrisFact\ChuckNorrisFact.csproj", "{D786C575-E672-4E60-ADF8-14CA37D8129E}"
EndProject
Project("{FAE04EC0-301F-11D3-BF4B-00C04F79EFBC}") = "ChuckNorrisFact.Repositories", "ChuckNorrisFact.Repositories\ChuckNorrisFact.Repositories.csproj", "{562B3831-D241-45D1-99E4-5C13C8922C97}"
EndProject
Project("{2150E333-8FDC-42A3-9474-1A3956D46DE8}") = "Tests", "Tests", "{8E4667A6-5972-4E16-8738-E252A393543A}"
EndProject
Project("{FAE04EC0-301F-11D3-BF4B-00C04F79EFBC}") = "ChuckNorrisFact.Repositories.Tests", "ChuckNorrisFact.Repositories.Tests\ChuckNorrisFact.Repositories.Tests.csproj", "{BDDF1BE9-5BA8-4BF4-B88F-55853225C918}"
EndProject
Project("{FAE04EC0-301F-11D3-BF4B-00C04F79EFBC}") = "ChuckNorrisFact.Interactors", "ChuckNorrisFact.Interactors\ChuckNorrisFact.Interactors.csproj", "{96D7BCA0-C1FF-41C7-AAA5-C45343895B62}"
EndProject
Project("{FAE04EC0-301F-11D3-BF4B-00C04F79EFBC}") = "ChuckNorrisFact.Interactors.Tests", "ChuckNorrisFact.Interactors.Tests\ChuckNorrisFact.Interactors.Tests.csproj", "{00D89728-00B4-449B-9459-552FC39DA29A}"
EndProject
Project("{FAE04EC0-301F-11D3-BF4B-00C04F79EFBC}") = "ChuckNorrisFact.Tests", "ChuckNorrisFact.Tests\ChuckNorrisFact.Tests.csproj", "{0C6B4B60-9E93-4FDB-B38A-16B3A13DA73F}"
EndProject
Global
	GlobalSection(SolutionConfigurationPlatforms) = preSolution
		Debug|Any CPU = Debug|Any CPU
		Debug|ARM = Debug|ARM
		Debug|x64 = Debug|x64
		Debug|x86 = Debug|x86
		Release|Any CPU = Release|Any CPU
		Release|ARM = Release|ARM
		Release|x64 = Release|x64
		Release|x86 = Release|x86
	EndGlobalSection
	GlobalSection(ProjectConfigurationPlatforms) = postSolution
		{D786C575-E672-4E60-ADF8-14CA37D8129E}.Debug|Any CPU.ActiveCfg = Debug|x86
		{D786C575-E672-4E60-ADF8-14CA37D8129E}.Debug|ARM.ActiveCfg = Debug|ARM
		{D786C575-E672-4E60-ADF8-14CA37D8129E}.Debug|ARM.Build.0 = Debug|ARM
		{D786C575-E672-4E60-ADF8-14CA37D8129E}.Debug|ARM.Deploy.0 = Debug|ARM
		{D786C575-E672-4E60-ADF8-14CA37D8129E}.Debug|x64.ActiveCfg = Debug|x64
		{D786C575-E672-4E60-ADF8-14CA37D8129E}.Debug|x64.Build.0 = Debug|x64
		{D786C575-E672-4E60-ADF8-14CA37D8129E}.Debug|x64.Deploy.0 = Debug|x64
		{D786C575-E672-4E60-ADF8-14CA37D8129E}.Debug|x86.ActiveCfg = Debug|x86
		{D786C575-E672-4E60-ADF8-14CA37D8129E}.Debug|x86.Build.0 = Debug|x86
		{D786C575-E672-4E60-ADF8-14CA37D8129E}.Debug|x86.Deploy.0 = Debug|x86
		{D786C575-E672-4E60-ADF8-14CA37D8129E}.Release|Any CPU.ActiveCfg = Release|x86
		{D786C575-E672-4E60-ADF8-14CA37D8129E}.Release|ARM.ActiveCfg = Release|ARM
		{D786C575-E672-4E60-ADF8-14CA37D8129E}.Release|ARM.Build.0 = Release|ARM
		{D786C575-E672-4E60-ADF8-14CA37D8129E}.Release|ARM.Deploy.0 = Release|ARM
		{D786C575-E672-4E60-ADF8-14CA37D8129E}.Release|x64.ActiveCfg = Release|x64
		{D786C575-E672-4E60-ADF8-14CA37D8129E}.Release|x64.Build.0 = Release|x64
		{D786C575-E672-4E60-ADF8-14CA37D8129E}.Release|x64.Deploy.0 = Release|x64
		{D786C575-E672-4E60-ADF8-14CA37D8129E}.Release|x86.ActiveCfg = Release|x86
		{D786C575-E672-4E60-ADF8-14CA37D8129E}.Release|x86.Build.0 = Release|x86
		{D786C575-E672-4E60-ADF8-14CA37D8129E}.Release|x86.Deploy.0 = Release|x86
		{562B3831-D241-45D1-99E4-5C13C8922C97}.Debug|Any CPU.ActiveCfg = Debug|Any CPU
		{562B3831-D241-45D1-99E4-5C13C8922C97}.Debug|Any CPU.Build.0 = Debug|Any CPU
		{562B3831-D241-45D1-99E4-5C13C8922C97}.Debug|ARM.ActiveCfg = Debug|ARM
		{562B3831-D241-45D1-99E4-5C13C8922C97}.Debug|ARM.Build.0 = Debug|ARM
		{562B3831-D241-45D1-99E4-5C13C8922C97}.Debug|x64.ActiveCfg = Debug|x64
		{562B3831-D241-45D1-99E4-5C13C8922C97}.Debug|x64.Build.0 = Debug|x64
		{562B3831-D241-45D1-99E4-5C13C8922C97}.Debug|x86.ActiveCfg = Debug|x86
		{562B3831-D241-45D1-99E4-5C13C8922C97}.Debug|x86.Build.0 = Debug|x86
		{562B3831-D241-45D1-99E4-5C13C8922C97}.Release|Any CPU.ActiveCfg = Release|Any CPU
		{562B3831-D241-45D1-99E4-5C13C8922C97}.Release|Any CPU.Build.0 = Release|Any CPU
		{562B3831-D241-45D1-99E4-5C13C8922C97}.Release|ARM.ActiveCfg = Release|ARM
		{562B3831-D241-45D1-99E4-5C13C8922C97}.Release|ARM.Build.0 = Release|ARM
		{562B3831-D241-45D1-99E4-5C13C8922C97}.Release|x64.ActiveCfg = Release|x64
		{562B3831-D241-45D1-99E4-5C13C8922C97}.Release|x64.Build.0 = Release|x64
		{562B3831-D241-45D1-99E4-5C13C8922C97}.Release|x86.ActiveCfg = Release|x86
		{562B3831-D241-45D1-99E4-5C13C8922C97}.Release|x86.Build.0 = Release|x86
		{BDDF1BE9-5BA8-4BF4-B88F-55853225C918}.Debug|Any CPU.ActiveCfg = Debug|x86
		{BDDF1BE9-5BA8-4BF4-B88F-55853225C918}.Debug|ARM.ActiveCfg = Debug|ARM
		{BDDF1BE9-5BA8-4BF4-B88F-55853225C918}.Debug|ARM.Build.0 = Debug|ARM
		{BDDF1BE9-5BA8-4BF4-B88F-55853225C918}.Debug|ARM.Deploy.0 = Debug|ARM
		{BDDF1BE9-5BA8-4BF4-B88F-55853225C918}.Debug|x64.ActiveCfg = Debug|x64
		{BDDF1BE9-5BA8-4BF4-B88F-55853225C918}.Debug|x64.Build.0 = Debug|x64
		{BDDF1BE9-5BA8-4BF4-B88F-55853225C918}.Debug|x64.Deploy.0 = Debug|x64
		{BDDF1BE9-5BA8-4BF4-B88F-55853225C918}.Debug|x86.ActiveCfg = Debug|x86
		{BDDF1BE9-5BA8-4BF4-B88F-55853225C918}.Debug|x86.Build.0 = Debug|x86
		{BDDF1BE9-5BA8-4BF4-B88F-55853225C918}.Debug|x86.Deploy.0 = Debug|x86
		{BDDF1BE9-5BA8-4BF4-B88F-55853225C918}.Release|Any CPU.ActiveCfg = Release|x86
		{BDDF1BE9-5BA8-4BF4-B88F-55853225C918}.Release|ARM.ActiveCfg = Release|ARM
		{BDDF1BE9-5BA8-4BF4-B88F-55853225C918}.Release|ARM.Build.0 = Release|ARM
		{BDDF1BE9-5BA8-4BF4-B88F-55853225C918}.Release|ARM.Deploy.0 = Release|ARM
		{BDDF1BE9-5BA8-4BF4-B88F-55853225C918}.Release|x64.ActiveCfg = Release|x64
		{BDDF1BE9-5BA8-4BF4-B88F-55853225C918}.Release|x64.Build.0 = Release|x64
		{BDDF1BE9-5BA8-4BF4-B88F-55853225C918}.Release|x64.Deploy.0 = Release|x64
		{BDDF1BE9-5BA8-4BF4-B88F-55853225C918}.Release|x86.ActiveCfg = Release|x86
		{BDDF1BE9-5BA8-4BF4-B88F-55853225C918}.Release|x86.Build.0 = Release|x86
		{BDDF1BE9-5BA8-4BF4-B88F-55853225C918}.Release|x86.Deploy.0 = Release|x86
		{96D7BCA0-C1FF-41C7-AAA5-C45343895B62}.Debug|Any CPU.ActiveCfg = Debug|Any CPU
		{96D7BCA0-C1FF-41C7-AAA5-C45343895B62}.Debug|Any CPU.Build.0 = Debug|Any CPU
		{96D7BCA0-C1FF-41C7-AAA5-C45343895B62}.Debug|ARM.ActiveCfg = Debug|ARM
		{96D7BCA0-C1FF-41C7-AAA5-C45343895B62}.Debug|ARM.Build.0 = Debug|ARM
		{96D7BCA0-C1FF-41C7-AAA5-C45343895B62}.Debug|x64.ActiveCfg = Debug|x64
		{96D7BCA0-C1FF-41C7-AAA5-C45343895B62}.Debug|x64.Build.0 = Debug|x64
		{96D7BCA0-C1FF-41C7-AAA5-C45343895B62}.Debug|x86.ActiveCfg = Debug|x86
		{96D7BCA0-C1FF-41C7-AAA5-C45343895B62}.Debug|x86.Build.0 = Debug|x86
		{96D7BCA0-C1FF-41C7-AAA5-C45343895B62}.Release|Any CPU.ActiveCfg = Release|Any CPU
		{96D7BCA0-C1FF-41C7-AAA5-C45343895B62}.Release|Any CPU.Build.0 = Release|Any CPU
		{96D7BCA0-C1FF-41C7-AAA5-C45343895B62}.Release|ARM.ActiveCfg = Release|ARM
		{96D7BCA0-C1FF-41C7-AAA5-C45343895B62}.Release|ARM.Build.0 = Release|ARM
		{96D7BCA0-C1FF-41C7-AAA5-C45343895B62}.Release|x64.ActiveCfg = Release|x64
		{96D7BCA0-C1FF-41C7-AAA5-C45343895B62}.Release|x64.Build.0 = Release|x64
		{96D7BCA0-C1FF-41C7-AAA5-C45343895B62}.Release|x86.ActiveCfg = Release|x86
		{96D7BCA0-C1FF-41C7-AAA5-C45343895B62}.Release|x86.Build.0 = Release|x86
		{00D89728-00B4-449B-9459-552FC39DA29A}.Debug|Any CPU.ActiveCfg = Debug|x86
		{00D89728-00B4-449B-9459-552FC39DA29A}.Debug|ARM.ActiveCfg = Debug|ARM
		{00D89728-00B4-449B-9459-552FC39DA29A}.Debug|ARM.Build.0 = Debug|ARM
		{00D89728-00B4-449B-9459-552FC39DA29A}.Debug|ARM.Deploy.0 = Debug|ARM
		{00D89728-00B4-449B-9459-552FC39DA29A}.Debug|x64.ActiveCfg = Debug|x64
		{00D89728-00B4-449B-9459-552FC39DA29A}.Debug|x64.Build.0 = Debug|x64
		{00D89728-00B4-449B-9459-552FC39DA29A}.Debug|x64.Deploy.0 = Debug|x64
		{00D89728-00B4-449B-9459-552FC39DA29A}.Debug|x86.ActiveCfg = Debug|x86
		{00D89728-00B4-449B-9459-552FC39DA29A}.Debug|x86.Build.0 = Debug|x86
		{00D89728-00B4-449B-9459-552FC39DA29A}.Debug|x86.Deploy.0 = Debug|x86
		{00D89728-00B4-449B-9459-552FC39DA29A}.Release|Any CPU.ActiveCfg = Release|x86
		{00D89728-00B4-449B-9459-552FC39DA29A}.Release|ARM.ActiveCfg = Release|ARM
		{00D89728-00B4-449B-9459-552FC39DA29A}.Release|ARM.Build.0 = Release|ARM
		{00D89728-00B4-449B-9459-552FC39DA29A}.Release|ARM.Deploy.0 = Release|ARM
		{00D89728-00B4-449B-9459-552FC39DA29A}.Release|x64.ActiveCfg = Release|x64
		{00D89728-00B4-449B-9459-552FC39DA29A}.Release|x64.Build.0 = Release|x64
		{00D89728-00B4-449B-9459-552FC39DA29A}.Release|x64.Deploy.0 = Release|x64
		{00D89728-00B4-449B-9459-552FC39DA29A}.Release|x86.ActiveCfg = Release|x86
		{00D89728-00B4-449B-9459-552FC39DA29A}.Release|x86.Build.0 = Release|x86
		{00D89728-00B4-449B-9459-552FC39DA29A}.Release|x86.Deploy.0 = Release|x86
		{0C6B4B60-9E93-4FDB-B38A-16B3A13DA73F}.Debug|Any CPU.ActiveCfg = Debug|x86
		{0C6B4B60-9E93-4FDB-B38A-16B3A13DA73F}.Debug|ARM.ActiveCfg = Debug|ARM
		{0C6B4B60-9E93-4FDB-B38A-16B3A13DA73F}.Debug|ARM.Build.0 = Debug|ARM
		{0C6B4B60-9E93-4FDB-B38A-16B3A13DA73F}.Debug|ARM.Deploy.0 = Debug|ARM
		{0C6B4B60-9E93-4FDB-B38A-16B3A13DA73F}.Debug|x64.ActiveCfg = Debug|x64
		{0C6B4B60-9E93-4FDB-B38A-16B3A13DA73F}.Debug|x64.Build.0 = Debug|x64
		{0C6B4B60-9E93-4FDB-B38A-16B3A13DA73F}.Debug|x64.Deploy.0 = Debug|x64
		{0C6B4B60-9E93-4FDB-B38A-16B3A13DA73F}.Debug|x86.ActiveCfg = Debug|x86
		{0C6B4B60-9E93-4FDB-B38A-16B3A13DA73F}.Debug|x86.Build.0 = Debug|x86
		{0C6B4B60-9E93-4FDB-B38A-16B3A13DA73F}.Debug|x86.Deploy.0 = Debug|x86
		{0C6B4B60-9E93-4FDB-B38A-16B3A13DA73F}.Release|Any CPU.ActiveCfg = Release|x86
		{0C6B4B60-9E93-4FDB-B38A-16B3A13DA73F}.Release|ARM.ActiveCfg = Release|ARM
		{0C6B4B60-9E93-4FDB-B38A-16B3A13DA73F}.Release|ARM.Build.0 = Release|ARM
		{0C6B4B60-9E93-4FDB-B38A-16B3A13DA73F}.Release|ARM.Deploy.0 = Release|ARM
		{0C6B4B60-9E93-4FDB-B38A-16B3A13DA73F}.Release|x64.ActiveCfg = Release|x64
		{0C6B4B60-9E93-4FDB-B38A-16B3A13DA73F}.Release|x64.Build.0 = Release|x64
		{0C6B4B60-9E93-4FDB-B38A-16B3A13DA73F}.Release|x64.Deploy.0 = Release|x64
		{0C6B4B60-9E93-4FDB-B38A-16B3A13DA73F}.Release|x86.ActiveCfg = Release|x86
		{0C6B4B60-9E93-4FDB-B38A-16B3A13DA73F}.Release|x86.Build.0 = Release|x86
		{0C6B4B60-9E93-4FDB-B38A-16B3A13DA73F}.Release|x86.Deploy.0 = Release|x86
	EndGlobalSection
	GlobalSection(SolutionProperties) = preSolution
		HideSolutionNode = FALSE
	EndGlobalSection
	GlobalSection(NestedProjects) = preSolution
		{BDDF1BE9-5BA8-4BF4-B88F-55853225C918} = {8E4667A6-5972-4E16-8738-E252A393543A}
		{00D89728-00B4-449B-9459-552FC39DA29A} = {8E4667A6-5972-4E16-8738-E252A393543A}
		{0C6B4B60-9E93-4FDB-B38A-16B3A13DA73F} = {8E4667A6-5972-4E16-8738-E252A393543A}
	EndGlobalSection
EndGlobal
